
Microsoft Visual Studio Solution File, Format Version 12.00
# Visual Studio Version 16
VisualStudioVersion = 16.0.29905.134
MinimumVisualStudioVersion = 10.0.40219.1
Project("{9A19103F-16F7-4668-BE54-9A1E7A4F7556}") = "covid", "covid\covid.csproj", "{F876B82D-C56D-421A-9BC4-8E934AD85D17}"
EndProject
Global
	GlobalSection(SolutionConfigurationPlatforms) = preSolution
		Debug|Any CPU = Debug|Any CPU
		Release|Any CPU = Release|Any CPU
	EndGlobalSection
	GlobalSection(ProjectConfigurationPlatforms) = postSolution
		{F876B82D-C56D-421A-9BC4-8E934AD85D17}.Debug|Any CPU.ActiveCfg = Debug|Any CPU
		{F876B82D-C56D-421A-9BC4-8E934AD85D17}.Debug|Any CPU.Build.0 = Debug|Any CPU
		{F876B82D-C56D-421A-9BC4-8E934AD85D17}.Release|Any CPU.ActiveCfg = Release|Any CPU
		{F876B82D-C56D-421A-9BC4-8E934AD85D17}.Release|Any CPU.Build.0 = Release|Any CPU
	EndGlobalSection
	GlobalSection(SolutionProperties) = preSolution
		HideSolutionNode = FALSE
	EndGlobalSection
	GlobalSection(ExtensibilityGlobals) = postSolution
		SolutionGuid = {F50066C3-E955-499B-9061-140B71A2AF76}
	EndGlobalSection
EndGlobal
